
Microsoft Visual Studio Solution File, Format Version 12.00
# Visual Studio Version 16
VisualStudioVersion = 16.0.29201.188
MinimumVisualStudioVersion = 10.0.40219.1
Project("{9A19103F-16F7-4668-BE54-9A1E7A4F7556}") = "AylienTextApiCore", "AylienTextApiCore.csproj", "{FD3CD47A-8AB1-42CF-9012-52FCF9A52D6C}"
EndProject
Project("{FAE04EC0-301F-11D3-BF4B-00C04F79EFBC}") = "AylienTextApiCoreTests", "..\AylienTextApiCoreTests\AylienTextApiCoreTests.csproj", "{4A289FD9-AE21-40D8-A00B-9C828D43356E}"
EndProject
Global
	GlobalSection(SolutionConfigurationPlatforms) = preSolution
		Debug|Any CPU = Debug|Any CPU
		Release|Any CPU = Release|Any CPU
	EndGlobalSection
	GlobalSection(ProjectConfigurationPlatforms) = postSolution
		{FD3CD47A-8AB1-42CF-9012-52FCF9A52D6C}.Debug|Any CPU.ActiveCfg = Debug|Any CPU
		{FD3CD47A-8AB1-42CF-9012-52FCF9A52D6C}.Debug|Any CPU.Build.0 = Debug|Any CPU
		{FD3CD47A-8AB1-42CF-9012-52FCF9A52D6C}.Release|Any CPU.ActiveCfg = Release|Any CPU
		{FD3CD47A-8AB1-42CF-9012-52FCF9A52D6C}.Release|Any CPU.Build.0 = Release|Any CPU
		{4A289FD9-AE21-40D8-A00B-9C828D43356E}.Debug|Any CPU.ActiveCfg = Debug|Any CPU
		{4A289FD9-AE21-40D8-A00B-9C828D43356E}.Debug|Any CPU.Build.0 = Debug|Any CPU
		{4A289FD9-AE21-40D8-A00B-9C828D43356E}.Release|Any CPU.ActiveCfg = Release|Any CPU
		{4A289FD9-AE21-40D8-A00B-9C828D43356E}.Release|Any CPU.Build.0 = Release|Any CPU
	EndGlobalSection
	GlobalSection(SolutionProperties) = preSolution
		HideSolutionNode = FALSE
	EndGlobalSection
	GlobalSection(ExtensibilityGlobals) = postSolution
		SolutionGuid = {3173AD00-F5B8-40DB-928D-313EC37FEC5A}
	EndGlobalSection
EndGlobal
